// !$*UTF8*$!
{
	archiveVersion = 1;
	classes = {
	};
	objectVersion = 50;
	objects = {

/* Begin PBXBuildFile section */
		0FE4EA471E01D1F8BCF10DED /* libPods-ZFVideo.a in Frameworks */ = {isa = PBXBuildFile; fileRef = 99CA723103D6721258855249 /* libPods-ZFVideo.a */; };
		4D43B1E52146177B00410911 /* ZFViewController.m in Sources */ = {isa = PBXBuildFile; fileRef = 4D43B1E42146177B00410911 /* ZFViewController.m */; };
		4D43B1E82146178D00410911 /* MainViewController.m in Sources */ = {isa = PBXBuildFile; fileRef = 4D43B1E72146178D00410911 /* MainViewController.m */; };
		4D43B1EC2146180C00410911 /* HomeViewController.m in Sources */ = {isa = PBXBuildFile; fileRef = 4D43B1EB2146180C00410911 /* HomeViewController.m */; };
		4D43B1F121461C3E00410911 /* FllowViewController.m in Sources */ = {isa = PBXBuildFile; fileRef = 4D43B1F021461C3E00410911 /* FllowViewController.m */; };
		4D43B1F521461C5100410911 /* DiscoveryViewController.m in Sources */ = {isa = PBXBuildFile; fileRef = 4D43B1F421461C5100410911 /* DiscoveryViewController.m */; };
		4D43B1F821461C8800410911 /* MyViewController.m in Sources */ = {isa = PBXBuildFile; fileRef = 4D43B1F721461C8800410911 /* MyViewController.m */; };
		4D43B1FB21461CDC00410911 /* ZFNavigationController.m in Sources */ = {isa = PBXBuildFile; fileRef = 4D43B1FA21461CDC00410911 /* ZFNavigationController.m */; };
		4D43B1FF2146374400410911 /* UIColor+Customer.m in Sources */ = {isa = PBXBuildFile; fileRef = 4D43B1FE2146374400410911 /* UIColor+Customer.m */; };
		4D50F623214A401700B832DC /* VideoPlayerController.m in Sources */ = {isa = PBXBuildFile; fileRef = 4D50F622214A401700B832DC /* VideoPlayerController.m */; };
		4D50F627214A406200B832DC /* VideoPlayView.m in Sources */ = {isa = PBXBuildFile; fileRef = 4D50F626214A406200B832DC /* VideoPlayView.m */; };
		4D5B75C9214F785B0013A187 /* ZFPlayerControlView.m in Sources */ = {isa = PBXBuildFile; fileRef = 4D5B75C7214F785B0013A187 /* ZFPlayerControlView.m */; };
		4D5B75CA214F785B0013A187 /* ZFPlayerControlView.xib in Resources */ = {isa = PBXBuildFile; fileRef = 4D5B75C8214F785B0013A187 /* ZFPlayerControlView.xib */; };
		4D5B75CD214F7B160013A187 /* NSString+Custom.m in Sources */ = {isa = PBXBuildFile; fileRef = 4D5B75CC214F7B160013A187 /* NSString+Custom.m */; };
		4D5B75D2214F80D80013A187 /* VideoPlayView+Gesture.m in Sources */ = {isa = PBXBuildFile; fileRef = 4D5B75CE214F80D70013A187 /* VideoPlayView+Gesture.m */; };
		4D5B75D3214F80D80013A187 /* VideoPlayView+Rotation.m in Sources */ = {isa = PBXBuildFile; fileRef = 4D5B75CF214F80D80013A187 /* VideoPlayView+Rotation.m */; };
		4D5B75D6214F81D10013A187 /* TZPlayerUtils.m in Sources */ = {isa = PBXBuildFile; fileRef = 4D5B75D5214F81D00013A187 /* TZPlayerUtils.m */; };
		4DA09C6C214B4A5C009227A4 /* ZFTableViewProxy.m in Sources */ = {isa = PBXBuildFile; fileRef = 4DA09C6B214B4A5C009227A4 /* ZFTableViewProxy.m */; };
		4DA09C74214B550E009227A4 /* HomeTableViewProxy.m in Sources */ = {isa = PBXBuildFile; fileRef = 4DA09C73214B550E009227A4 /* HomeTableViewProxy.m */; };
		4DA09C7C214B5B0D009227A4 /* VideoPlayerProxy.m in Sources */ = {isa = PBXBuildFile; fileRef = 4DA09C7B214B5B0D009227A4 /* VideoPlayerProxy.m */; };
		CD2AD223213D5AFF009D6D94 /* AppDelegate.m in Sources */ = {isa = PBXBuildFile; fileRef = CD2AD222213D5AFF009D6D94 /* AppDelegate.m */; };
		CD2AD229213D5AFF009D6D94 /* Main.storyboard in Resources */ = {isa = PBXBuildFile; fileRef = CD2AD227213D5AFF009D6D94 /* Main.storyboard */; };
		CD2AD22B213D5B02009D6D94 /* Assets.xcassets in Resources */ = {isa = PBXBuildFile; fileRef = CD2AD22A213D5B02009D6D94 /* Assets.xcassets */; };
		CD2AD22E213D5B02009D6D94 /* LaunchScreen.storyboard in Resources */ = {isa = PBXBuildFile; fileRef = CD2AD22C213D5B02009D6D94 /* LaunchScreen.storyboard */; };
		CD2AD231213D5B03009D6D94 /* main.m in Sources */ = {isa = PBXBuildFile; fileRef = CD2AD230213D5B03009D6D94 /* main.m */; };
		CD2AD23B213D5B03009D6D94 /* ZFVideoTests.m in Sources */ = {isa = PBXBuildFile; fileRef = CD2AD23A213D5B03009D6D94 /* ZFVideoTests.m */; };
		CD2AD246213D5B03009D6D94 /* ZFVideoUITests.m in Sources */ = {isa = PBXBuildFile; fileRef = CD2AD245213D5B03009D6D94 /* ZFVideoUITests.m */; };
		CD2AD2CA213D5C1F009D6D94 /* libBusinessLayer.a in Frameworks */ = {isa = PBXBuildFile; fileRef = CD2AD2AE213D5BF5009D6D94 /* libBusinessLayer.a */; };
		CD2AD2CB213D5C1F009D6D94 /* libDataLayer.a in Frameworks */ = {isa = PBXBuildFile; fileRef = CD2AD2B4213D5BFF009D6D94 /* libDataLayer.a */; };
		CD2AD2CC213D5C1F009D6D94 /* libNetworkLayer.a in Frameworks */ = {isa = PBXBuildFile; fileRef = CD2AD2BA213D5C07009D6D94 /* libNetworkLayer.a */; };
		CD2AD2CD213D5C1F009D6D94 /* libUtilLayer.a in Frameworks */ = {isa = PBXBuildFile; fileRef = CD2AD2C0213D5C0E009D6D94 /* libUtilLayer.a */; };
/* End PBXBuildFile section */

/* Begin PBXContainerItemProxy section */
		CD2AD237213D5B03009D6D94 /* PBXContainerItemProxy */ = {
			isa = PBXContainerItemProxy;
			containerPortal = CD2AD216213D5AFF009D6D94 /* Project object */;
			proxyType = 1;
			remoteGlobalIDString = CD2AD21D213D5AFF009D6D94;
			remoteInfo = ZFVideo;
		};
		CD2AD242213D5B03009D6D94 /* PBXContainerItemProxy */ = {
			isa = PBXContainerItemProxy;
			containerPortal = CD2AD216213D5AFF009D6D94 /* Project object */;
			proxyType = 1;
			remoteGlobalIDString = CD2AD21D213D5AFF009D6D94;
			remoteInfo = ZFVideo;
		};
		CD2AD2AD213D5BF5009D6D94 /* PBXContainerItemProxy */ = {
			isa = PBXContainerItemProxy;
			containerPortal = CD2AD2A9213D5BF5009D6D94 /* BusinessLayer.xcodeproj */;
			proxyType = 2;
			remoteGlobalIDString = CD2AD29D213D5BCC009D6D94;
			remoteInfo = BusinessLayer;
		};
		CD2AD2B3213D5BFF009D6D94 /* PBXContainerItemProxy */ = {
			isa = PBXContainerItemProxy;
			containerPortal = CD2AD2AF213D5BFF009D6D94 /* DataLayer.xcodeproj */;
			proxyType = 2;
			remoteGlobalIDString = CD2AD288213D5BA2009D6D94;
			remoteInfo = DataLayer;
		};
		CD2AD2B9213D5C07009D6D94 /* PBXContainerItemProxy */ = {
			isa = PBXContainerItemProxy;
			containerPortal = CD2AD2B5213D5C07009D6D94 /* NetworkLayer.xcodeproj */;
			proxyType = 2;
			remoteGlobalIDString = CD2AD25E213D5B3B009D6D94;
			remoteInfo = NetworkLayer;
		};
		CD2AD2BF213D5C0E009D6D94 /* PBXContainerItemProxy */ = {
			isa = PBXContainerItemProxy;
			containerPortal = CD2AD2BB213D5C0E009D6D94 /* UtilLayer.xcodeproj */;
			proxyType = 2;
			remoteGlobalIDString = CD2AD273213D5B66009D6D94;
			remoteInfo = UtilLayer;
		};
		CD2AD2C1213D5C19009D6D94 /* PBXContainerItemProxy */ = {
			isa = PBXContainerItemProxy;
			containerPortal = CD2AD2BB213D5C0E009D6D94 /* UtilLayer.xcodeproj */;
			proxyType = 1;
			remoteGlobalIDString = CD2AD272213D5B66009D6D94;
			remoteInfo = UtilLayer;
		};
		CD2AD2C3213D5C19009D6D94 /* PBXContainerItemProxy */ = {
			isa = PBXContainerItemProxy;
			containerPortal = CD2AD2B5213D5C07009D6D94 /* NetworkLayer.xcodeproj */;
			proxyType = 1;
			remoteGlobalIDString = CD2AD25D213D5B3B009D6D94;
			remoteInfo = NetworkLayer;
		};
		CD2AD2C5213D5C19009D6D94 /* PBXContainerItemProxy */ = {
			isa = PBXContainerItemProxy;
			containerPortal = CD2AD2AF213D5BFF009D6D94 /* DataLayer.xcodeproj */;
			proxyType = 1;
			remoteGlobalIDString = CD2AD287213D5BA2009D6D94;
			remoteInfo = DataLayer;
		};
		CD2AD2C7213D5C19009D6D94 /* PBXContainerItemProxy */ = {
			isa = PBXContainerItemProxy;
			containerPortal = CD2AD2A9213D5BF5009D6D94 /* BusinessLayer.xcodeproj */;
			proxyType = 1;
			remoteGlobalIDString = CD2AD29C213D5BCC009D6D94;
			remoteInfo = BusinessLayer;
		};
/* End PBXContainerItemProxy section */

/* Begin PBXFileReference section */
		0561D3A8F9E7E80906E85AAF /* Pods-ZFVideo.release.xcconfig */ = {isa = PBXFileReference; includeInIndex = 1; lastKnownFileType = text.xcconfig; name = "Pods-ZFVideo.release.xcconfig"; path = "Pods/Target Support Files/Pods-ZFVideo/Pods-ZFVideo.release.xcconfig"; sourceTree = "<group>"; };
		4D43B1E32146177B00410911 /* ZFViewController.h */ = {isa = PBXFileReference; lastKnownFileType = sourcecode.c.h; path = ZFViewController.h; sourceTree = "<group>"; };
		4D43B1E42146177B00410911 /* ZFViewController.m */ = {isa = PBXFileReference; lastKnownFileType = sourcecode.c.objc; path = ZFViewController.m; sourceTree = "<group>"; };
		4D43B1E62146178D00410911 /* MainViewController.h */ = {isa = PBXFileReference; lastKnownFileType = sourcecode.c.h; path = MainViewController.h; sourceTree = "<group>"; };
		4D43B1E72146178D00410911 /* MainViewController.m */ = {isa = PBXFileReference; lastKnownFileType = sourcecode.c.objc; path = MainViewController.m; sourceTree = "<group>"; };
		4D43B1EA2146180C00410911 /* HomeViewController.h */ = {isa = PBXFileReference; lastKnownFileType = sourcecode.c.h; path = HomeViewController.h; sourceTree = "<group>"; };
		4D43B1EB2146180C00410911 /* HomeViewController.m */ = {isa = PBXFileReference; lastKnownFileType = sourcecode.c.objc; path = HomeViewController.m; sourceTree = "<group>"; };
		4D43B1EF21461C3E00410911 /* FllowViewController.h */ = {isa = PBXFileReference; lastKnownFileType = sourcecode.c.h; path = FllowViewController.h; sourceTree = "<group>"; };
		4D43B1F021461C3E00410911 /* FllowViewController.m */ = {isa = PBXFileReference; lastKnownFileType = sourcecode.c.objc; path = FllowViewController.m; sourceTree = "<group>"; };
		4D43B1F321461C5100410911 /* DiscoveryViewController.h */ = {isa = PBXFileReference; lastKnownFileType = sourcecode.c.h; path = DiscoveryViewController.h; sourceTree = "<group>"; };
		4D43B1F421461C5100410911 /* DiscoveryViewController.m */ = {isa = PBXFileReference; lastKnownFileType = sourcecode.c.objc; path = DiscoveryViewController.m; sourceTree = "<group>"; };
		4D43B1F621461C8800410911 /* MyViewController.h */ = {isa = PBXFileReference; lastKnownFileType = sourcecode.c.h; path = MyViewController.h; sourceTree = "<group>"; };
		4D43B1F721461C8800410911 /* MyViewController.m */ = {isa = PBXFileReference; lastKnownFileType = sourcecode.c.objc; path = MyViewController.m; sourceTree = "<group>"; };
		4D43B1F921461CDC00410911 /* ZFNavigationController.h */ = {isa = PBXFileReference; lastKnownFileType = sourcecode.c.h; path = ZFNavigationController.h; sourceTree = "<group>"; };
		4D43B1FA21461CDC00410911 /* ZFNavigationController.m */ = {isa = PBXFileReference; lastKnownFileType = sourcecode.c.objc; path = ZFNavigationController.m; sourceTree = "<group>"; };
		4D43B1FD2146374400410911 /* UIColor+Customer.h */ = {isa = PBXFileReference; lastKnownFileType = sourcecode.c.h; path = "UIColor+Customer.h"; sourceTree = "<group>"; };
		4D43B1FE2146374400410911 /* UIColor+Customer.m */ = {isa = PBXFileReference; lastKnownFileType = sourcecode.c.objc; path = "UIColor+Customer.m"; sourceTree = "<group>"; };
		4D43B2002146379000410911 /* ZFVideo.pch */ = {isa = PBXFileReference; lastKnownFileType = sourcecode.c.h; path = ZFVideo.pch; sourceTree = "<group>"; };
		4D50F621214A401700B832DC /* VideoPlayerController.h */ = {isa = PBXFileReference; lastKnownFileType = sourcecode.c.h; path = VideoPlayerController.h; sourceTree = "<group>"; };
		4D50F622214A401700B832DC /* VideoPlayerController.m */ = {isa = PBXFileReference; lastKnownFileType = sourcecode.c.objc; path = VideoPlayerController.m; sourceTree = "<group>"; };
		4D50F625214A406200B832DC /* VideoPlayView.h */ = {isa = PBXFileReference; lastKnownFileType = sourcecode.c.h; path = VideoPlayView.h; sourceTree = "<group>"; };
		4D50F626214A406200B832DC /* VideoPlayView.m */ = {isa = PBXFileReference; lastKnownFileType = sourcecode.c.objc; path = VideoPlayView.m; sourceTree = "<group>"; };
		4D5B75C6214F785B0013A187 /* ZFPlayerControlView.h */ = {isa = PBXFileReference; fileEncoding = 4; lastKnownFileType = sourcecode.c.h; path = ZFPlayerControlView.h; sourceTree = "<group>"; };
		4D5B75C7214F785B0013A187 /* ZFPlayerControlView.m */ = {isa = PBXFileReference; fileEncoding = 4; lastKnownFileType = sourcecode.c.objc; path = ZFPlayerControlView.m; sourceTree = "<group>"; };
		4D5B75C8214F785B0013A187 /* ZFPlayerControlView.xib */ = {isa = PBXFileReference; fileEncoding = 4; lastKnownFileType = file.xib; path = ZFPlayerControlView.xib; sourceTree = "<group>"; };
		4D5B75CB214F7B150013A187 /* NSString+Custom.h */ = {isa = PBXFileReference; fileEncoding = 4; lastKnownFileType = sourcecode.c.h; path = "NSString+Custom.h"; sourceTree = "<group>"; };
		4D5B75CC214F7B160013A187 /* NSString+Custom.m */ = {isa = PBXFileReference; fileEncoding = 4; lastKnownFileType = sourcecode.c.objc; path = "NSString+Custom.m"; sourceTree = "<group>"; };
		4D5B75CE214F80D70013A187 /* VideoPlayView+Gesture.m */ = {isa = PBXFileReference; fileEncoding = 4; lastKnownFileType = sourcecode.c.objc; path = "VideoPlayView+Gesture.m"; sourceTree = "<group>"; };
		4D5B75CF214F80D80013A187 /* VideoPlayView+Rotation.m */ = {isa = PBXFileReference; fileEncoding = 4; lastKnownFileType = sourcecode.c.objc; path = "VideoPlayView+Rotation.m"; sourceTree = "<group>"; };
		4D5B75D0214F80D80013A187 /* VideoPlayView+Gesture.h */ = {isa = PBXFileReference; fileEncoding = 4; lastKnownFileType = sourcecode.c.h; path = "VideoPlayView+Gesture.h"; sourceTree = "<group>"; };
		4D5B75D1214F80D80013A187 /* VideoPlayView+Rotation.h */ = {isa = PBXFileReference; fileEncoding = 4; lastKnownFileType = sourcecode.c.h; path = "VideoPlayView+Rotation.h"; sourceTree = "<group>"; };
		4D5B75D4214F81D00013A187 /* TZPlayerUtils.h */ = {isa = PBXFileReference; fileEncoding = 4; lastKnownFileType = sourcecode.c.h; path = TZPlayerUtils.h; sourceTree = "<group>"; };
		4D5B75D5214F81D00013A187 /* TZPlayerUtils.m */ = {isa = PBXFileReference; fileEncoding = 4; lastKnownFileType = sourcecode.c.objc; path = TZPlayerUtils.m; sourceTree = "<group>"; };
		4DA09C6A214B4A5C009227A4 /* ZFTableViewProxy.h */ = {isa = PBXFileReference; lastKnownFileType = sourcecode.c.h; path = ZFTableViewProxy.h; sourceTree = "<group>"; };
		4DA09C6B214B4A5C009227A4 /* ZFTableViewProxy.m */ = {isa = PBXFileReference; lastKnownFileType = sourcecode.c.objc; path = ZFTableViewProxy.m; sourceTree = "<group>"; };
		4DA09C72214B550E009227A4 /* HomeTableViewProxy.h */ = {isa = PBXFileReference; lastKnownFileType = sourcecode.c.h; path = HomeTableViewProxy.h; sourceTree = "<group>"; };
		4DA09C73214B550E009227A4 /* HomeTableViewProxy.m */ = {isa = PBXFileReference; lastKnownFileType = sourcecode.c.objc; path = HomeTableViewProxy.m; sourceTree = "<group>"; };
		4DA09C7A214B5B0D009227A4 /* VideoPlayerProxy.h */ = {isa = PBXFileReference; lastKnownFileType = sourcecode.c.h; path = VideoPlayerProxy.h; sourceTree = "<group>"; };
		4DA09C7B214B5B0D009227A4 /* VideoPlayerProxy.m */ = {isa = PBXFileReference; lastKnownFileType = sourcecode.c.objc; path = VideoPlayerProxy.m; sourceTree = "<group>"; };
		99CA723103D6721258855249 /* libPods-ZFVideo.a */ = {isa = PBXFileReference; explicitFileType = archive.ar; includeInIndex = 0; path = "libPods-ZFVideo.a"; sourceTree = BUILT_PRODUCTS_DIR; };
		BFD803D1399856E3F01459C4 /* Pods-ZFVideo.debug.xcconfig */ = {isa = PBXFileReference; includeInIndex = 1; lastKnownFileType = text.xcconfig; name = "Pods-ZFVideo.debug.xcconfig"; path = "Pods/Target Support Files/Pods-ZFVideo/Pods-ZFVideo.debug.xcconfig"; sourceTree = "<group>"; };
		CD2AD21E213D5AFF009D6D94 /* ZFVideo.app */ = {isa = PBXFileReference; explicitFileType = wrapper.application; includeInIndex = 0; path = ZFVideo.app; sourceTree = BUILT_PRODUCTS_DIR; };
		CD2AD221213D5AFF009D6D94 /* AppDelegate.h */ = {isa = PBXFileReference; lastKnownFileType = sourcecode.c.h; path = AppDelegate.h; sourceTree = "<group>"; };
		CD2AD222213D5AFF009D6D94 /* AppDelegate.m */ = {isa = PBXFileReference; lastKnownFileType = sourcecode.c.objc; path = AppDelegate.m; sourceTree = "<group>"; };
		CD2AD228213D5AFF009D6D94 /* Base */ = {isa = PBXFileReference; lastKnownFileType = file.storyboard; name = Base; path = Base.lproj/Main.storyboard; sourceTree = "<group>"; };
		CD2AD22A213D5B02009D6D94 /* Assets.xcassets */ = {isa = PBXFileReference; lastKnownFileType = folder.assetcatalog; path = Assets.xcassets; sourceTree = "<group>"; };
		CD2AD22D213D5B02009D6D94 /* Base */ = {isa = PBXFileReference; lastKnownFileType = file.storyboard; name = Base; path = Base.lproj/LaunchScreen.storyboard; sourceTree = "<group>"; };
		CD2AD22F213D5B03009D6D94 /* Info.plist */ = {isa = PBXFileReference; lastKnownFileType = text.plist.xml; path = Info.plist; sourceTree = "<group>"; };
		CD2AD230213D5B03009D6D94 /* main.m */ = {isa = PBXFileReference; lastKnownFileType = sourcecode.c.objc; path = main.m; sourceTree = "<group>"; };
		CD2AD236213D5B03009D6D94 /* ZFVideoTests.xctest */ = {isa = PBXFileReference; explicitFileType = wrapper.cfbundle; includeInIndex = 0; path = ZFVideoTests.xctest; sourceTree = BUILT_PRODUCTS_DIR; };
		CD2AD23A213D5B03009D6D94 /* ZFVideoTests.m */ = {isa = PBXFileReference; lastKnownFileType = sourcecode.c.objc; path = ZFVideoTests.m; sourceTree = "<group>"; };
		CD2AD23C213D5B03009D6D94 /* Info.plist */ = {isa = PBXFileReference; lastKnownFileType = text.plist.xml; path = Info.plist; sourceTree = "<group>"; };
		CD2AD241213D5B03009D6D94 /* ZFVideoUITests.xctest */ = {isa = PBXFileReference; explicitFileType = wrapper.cfbundle; includeInIndex = 0; path = ZFVideoUITests.xctest; sourceTree = BUILT_PRODUCTS_DIR; };
		CD2AD245213D5B03009D6D94 /* ZFVideoUITests.m */ = {isa = PBXFileReference; lastKnownFileType = sourcecode.c.objc; path = ZFVideoUITests.m; sourceTree = "<group>"; };
		CD2AD247213D5B03009D6D94 /* Info.plist */ = {isa = PBXFileReference; lastKnownFileType = text.plist.xml; path = Info.plist; sourceTree = "<group>"; };
		CD2AD2A9213D5BF5009D6D94 /* BusinessLayer.xcodeproj */ = {isa = PBXFileReference; lastKnownFileType = "wrapper.pb-project"; name = BusinessLayer.xcodeproj; path = BusinessLayer/BusinessLayer.xcodeproj; sourceTree = "<group>"; };
		CD2AD2AF213D5BFF009D6D94 /* DataLayer.xcodeproj */ = {isa = PBXFileReference; lastKnownFileType = "wrapper.pb-project"; name = DataLayer.xcodeproj; path = DataLayer/DataLayer.xcodeproj; sourceTree = "<group>"; };
		CD2AD2B5213D5C07009D6D94 /* NetworkLayer.xcodeproj */ = {isa = PBXFileReference; lastKnownFileType = "wrapper.pb-project"; name = NetworkLayer.xcodeproj; path = NetworkLayer/NetworkLayer.xcodeproj; sourceTree = "<group>"; };
		CD2AD2BB213D5C0E009D6D94 /* UtilLayer.xcodeproj */ = {isa = PBXFileReference; lastKnownFileType = "wrapper.pb-project"; name = UtilLayer.xcodeproj; path = UtilLayer/UtilLayer.xcodeproj; sourceTree = "<group>"; };
/* End PBXFileReference section */

/* Begin PBXFrameworksBuildPhase section */
		CD2AD21B213D5AFF009D6D94 /* Frameworks */ = {
			isa = PBXFrameworksBuildPhase;
			buildActionMask = 2147483647;
			files = (
				CD2AD2CA213D5C1F009D6D94 /* libBusinessLayer.a in Frameworks */,
				CD2AD2CB213D5C1F009D6D94 /* libDataLayer.a in Frameworks */,
				CD2AD2CC213D5C1F009D6D94 /* libNetworkLayer.a in Frameworks */,
				CD2AD2CD213D5C1F009D6D94 /* libUtilLayer.a in Frameworks */,
				0FE4EA471E01D1F8BCF10DED /* libPods-ZFVideo.a in Frameworks */,
			);
			runOnlyForDeploymentPostprocessing = 0;
		};
		CD2AD233213D5B03009D6D94 /* Frameworks */ = {
			isa = PBXFrameworksBuildPhase;
			buildActionMask = 2147483647;
			files = (
			);
			runOnlyForDeploymentPostprocessing = 0;
		};
		CD2AD23E213D5B03009D6D94 /* Frameworks */ = {
			isa = PBXFrameworksBuildPhase;
			buildActionMask = 2147483647;
			files = (
			);
			runOnlyForDeploymentPostprocessing = 0;
		};
/* End PBXFrameworksBuildPhase section */

/* Begin PBXGroup section */
		4D43B1E12146095600410911 /* UI */ = {
			isa = PBXGroup;
			children = (
				4D50F620214A3FED00B832DC /* VideoPLayer */,
				4D43B1F221461C4300410911 /* Discovery */,
				4D43B1EE21461C3100410911 /* Fllow */,
				4D43B1ED2146181100410911 /* My */,
				4D43B1E9214617F900410911 /* Home */,
				4D43B1E22146095D00410911 /* Share */,
			);
			path = UI;
			sourceTree = "<group>";
		};
		4D43B1E22146095D00410911 /* Share */ = {
			isa = PBXGroup;
			children = (
				4DA09C69214B4A43009227A4 /* Proxy */,
				4D43B1E32146177B00410911 /* ZFViewController.h */,
				4D43B1E42146177B00410911 /* ZFViewController.m */,
				4D43B1F921461CDC00410911 /* ZFNavigationController.h */,
				4D43B1FA21461CDC00410911 /* ZFNavigationController.m */,
			);
			path = Share;
			sourceTree = "<group>";
		};
		4D43B1E9214617F900410911 /* Home */ = {
			isa = PBXGroup;
			children = (
				4DA09C71214B54F6009227A4 /* Proxy */,
				4D43B1EA2146180C00410911 /* HomeViewController.h */,
				4D43B1EB2146180C00410911 /* HomeViewController.m */,
			);
			path = Home;
			sourceTree = "<group>";
		};
		4D43B1ED2146181100410911 /* My */ = {
			isa = PBXGroup;
			children = (
				4D43B1F621461C8800410911 /* MyViewController.h */,
				4D43B1F721461C8800410911 /* MyViewController.m */,
			);
			path = My;
			sourceTree = "<group>";
		};
		4D43B1EE21461C3100410911 /* Fllow */ = {
			isa = PBXGroup;
			children = (
				4D43B1EF21461C3E00410911 /* FllowViewController.h */,
				4D43B1F021461C3E00410911 /* FllowViewController.m */,
			);
			path = Fllow;
			sourceTree = "<group>";
		};
		4D43B1F221461C4300410911 /* Discovery */ = {
			isa = PBXGroup;
			children = (
				4D43B1F321461C5100410911 /* DiscoveryViewController.h */,
				4D43B1F421461C5100410911 /* DiscoveryViewController.m */,
			);
			path = Discovery;
			sourceTree = "<group>";
		};
		4D43B1FC2146371300410911 /* Category */ = {
			isa = PBXGroup;
			children = (
				4D5B75CB214F7B150013A187 /* NSString+Custom.h */,
				4D5B75CC214F7B160013A187 /* NSString+Custom.m */,
				4D43B1FD2146374400410911 /* UIColor+Customer.h */,
				4D43B1FE2146374400410911 /* UIColor+Customer.m */,
			);
			path = Category;
			sourceTree = "<group>";
		};
		4D50F620214A3FED00B832DC /* VideoPLayer */ = {
			isa = PBXGroup;
			children = (
				4DA09C79214B5AF7009227A4 /* Proxy */,
				4D50F624214A403F00B832DC /* Views */,
				4D50F621214A401700B832DC /* VideoPlayerController.h */,
				4D50F622214A401700B832DC /* VideoPlayerController.m */,
			);
			path = VideoPLayer;
			sourceTree = "<group>";
		};
		4D50F624214A403F00B832DC /* Views */ = {
			isa = PBXGroup;
			children = (
				4D5B75D4214F81D00013A187 /* TZPlayerUtils.h */,
				4D5B75D5214F81D00013A187 /* TZPlayerUtils.m */,
				4D5B75D0214F80D80013A187 /* VideoPlayView+Gesture.h */,
				4D5B75CE214F80D70013A187 /* VideoPlayView+Gesture.m */,
				4D5B75D1214F80D80013A187 /* VideoPlayView+Rotation.h */,
				4D5B75CF214F80D80013A187 /* VideoPlayView+Rotation.m */,
				4D5B75C6214F785B0013A187 /* ZFPlayerControlView.h */,
				4D5B75C7214F785B0013A187 /* ZFPlayerControlView.m */,
				4D5B75C8214F785B0013A187 /* ZFPlayerControlView.xib */,
				4D50F625214A406200B832DC /* VideoPlayView.h */,
				4D50F626214A406200B832DC /* VideoPlayView.m */,
			);
			path = Views;
			sourceTree = "<group>";
		};
		4DA09C69214B4A43009227A4 /* Proxy */ = {
			isa = PBXGroup;
			children = (
				4DA09C6A214B4A5C009227A4 /* ZFTableViewProxy.h */,
				4DA09C6B214B4A5C009227A4 /* ZFTableViewProxy.m */,
			);
			path = Proxy;
			sourceTree = "<group>";
		};
		4DA09C71214B54F6009227A4 /* Proxy */ = {
			isa = PBXGroup;
			children = (
				4DA09C72214B550E009227A4 /* HomeTableViewProxy.h */,
				4DA09C73214B550E009227A4 /* HomeTableViewProxy.m */,
			);
			path = Proxy;
			sourceTree = "<group>";
		};
		4DA09C79214B5AF7009227A4 /* Proxy */ = {
			isa = PBXGroup;
			children = (
				4DA09C7A214B5B0D009227A4 /* VideoPlayerProxy.h */,
				4DA09C7B214B5B0D009227A4 /* VideoPlayerProxy.m */,
			);
			path = Proxy;
			sourceTree = "<group>";
		};
		CD2AD215213D5AFF009D6D94 = {
			isa = PBXGroup;
			children = (
				CD2AD220213D5AFF009D6D94 /* ZFVideo */,
				CD2AD239213D5B03009D6D94 /* ZFVideoTests */,
				CD2AD244213D5B03009D6D94 /* ZFVideoUITests */,
				CD2AD21F213D5AFF009D6D94 /* Products */,
				CD2AD2C9213D5C1F009D6D94 /* Frameworks */,
				D5DAD2A40E75440EFA800C8C /* Pods */,
			);
			sourceTree = "<group>";
		};
		CD2AD21F213D5AFF009D6D94 /* Products */ = {
			isa = PBXGroup;
			children = (
				CD2AD21E213D5AFF009D6D94 /* ZFVideo.app */,
				CD2AD236213D5B03009D6D94 /* ZFVideoTests.xctest */,
				CD2AD241213D5B03009D6D94 /* ZFVideoUITests.xctest */,
			);
			name = Products;
			sourceTree = "<group>";
		};
		CD2AD220213D5AFF009D6D94 /* ZFVideo */ = {
			isa = PBXGroup;
			children = (
				4D43B1FC2146371300410911 /* Category */,
				4D43B1E12146095600410911 /* UI */,
				CD2AD253213D5B0B009D6D94 /* Dependencies */,
				CD2AD221213D5AFF009D6D94 /* AppDelegate.h */,
				CD2AD222213D5AFF009D6D94 /* AppDelegate.m */,
				CD2AD227213D5AFF009D6D94 /* Main.storyboard */,
				CD2AD22A213D5B02009D6D94 /* Assets.xcassets */,
				CD2AD22C213D5B02009D6D94 /* LaunchScreen.storyboard */,
				CD2AD22F213D5B03009D6D94 /* Info.plist */,
				CD2AD230213D5B03009D6D94 /* main.m */,
				4D43B1E62146178D00410911 /* MainViewController.h */,
				4D43B1E72146178D00410911 /* MainViewController.m */,
				4D43B2002146379000410911 /* ZFVideo.pch */,
			);
			path = ZFVideo;
			sourceTree = "<group>";
		};
		CD2AD239213D5B03009D6D94 /* ZFVideoTests */ = {
			isa = PBXGroup;
			children = (
				CD2AD23A213D5B03009D6D94 /* ZFVideoTests.m */,
				CD2AD23C213D5B03009D6D94 /* Info.plist */,
			);
			path = ZFVideoTests;
			sourceTree = "<group>";
		};
		CD2AD244213D5B03009D6D94 /* ZFVideoUITests */ = {
			isa = PBXGroup;
			children = (
				CD2AD245213D5B03009D6D94 /* ZFVideoUITests.m */,
				CD2AD247213D5B03009D6D94 /* Info.plist */,
			);
			path = ZFVideoUITests;
			sourceTree = "<group>";
		};
		CD2AD253213D5B0B009D6D94 /* Dependencies */ = {
			isa = PBXGroup;
			children = (
				CD2AD2BB213D5C0E009D6D94 /* UtilLayer.xcodeproj */,
				CD2AD2B5213D5C07009D6D94 /* NetworkLayer.xcodeproj */,
				CD2AD2AF213D5BFF009D6D94 /* DataLayer.xcodeproj */,
				CD2AD2A9213D5BF5009D6D94 /* BusinessLayer.xcodeproj */,
			);
			path = Dependencies;
			sourceTree = "<group>";
		};
		CD2AD2AA213D5BF5009D6D94 /* Products */ = {
			isa = PBXGroup;
			children = (
				CD2AD2AE213D5BF5009D6D94 /* libBusinessLayer.a */,
			);
			name = Products;
			sourceTree = "<group>";
		};
		CD2AD2B0213D5BFF009D6D94 /* Products */ = {
			isa = PBXGroup;
			children = (
				CD2AD2B4213D5BFF009D6D94 /* libDataLayer.a */,
			);
			name = Products;
			sourceTree = "<group>";
		};
		CD2AD2B6213D5C07009D6D94 /* Products */ = {
			isa = PBXGroup;
			children = (
				CD2AD2BA213D5C07009D6D94 /* libNetworkLayer.a */,
			);
			name = Products;
			sourceTree = "<group>";
		};
		CD2AD2BC213D5C0E009D6D94 /* Products */ = {
			isa = PBXGroup;
			children = (
				CD2AD2C0213D5C0E009D6D94 /* libUtilLayer.a */,
			);
			name = Products;
			sourceTree = "<group>";
		};
		CD2AD2C9213D5C1F009D6D94 /* Frameworks */ = {
			isa = PBXGroup;
			children = (
				99CA723103D6721258855249 /* libPods-ZFVideo.a */,
			);
			name = Frameworks;
			sourceTree = "<group>";
		};
		D5DAD2A40E75440EFA800C8C /* Pods */ = {
			isa = PBXGroup;
			children = (
				BFD803D1399856E3F01459C4 /* Pods-ZFVideo.debug.xcconfig */,
				0561D3A8F9E7E80906E85AAF /* Pods-ZFVideo.release.xcconfig */,
			);
			name = Pods;
			sourceTree = "<group>";
		};
/* End PBXGroup section */

/* Begin PBXNativeTarget section */
		CD2AD21D213D5AFF009D6D94 /* ZFVideo */ = {
			isa = PBXNativeTarget;
			buildConfigurationList = CD2AD24A213D5B03009D6D94 /* Build configuration list for PBXNativeTarget "ZFVideo" */;
			buildPhases = (
				8285C7629309BFAA92F809F3 /* [CP] Check Pods Manifest.lock */,
				CD2AD21A213D5AFF009D6D94 /* Sources */,
				CD2AD21B213D5AFF009D6D94 /* Frameworks */,
				CD2AD21C213D5AFF009D6D94 /* Resources */,
			);
			buildRules = (
			);
			dependencies = (
				CD2AD2C2213D5C19009D6D94 /* PBXTargetDependency */,
				CD2AD2C4213D5C19009D6D94 /* PBXTargetDependency */,
				CD2AD2C6213D5C19009D6D94 /* PBXTargetDependency */,
				CD2AD2C8213D5C19009D6D94 /* PBXTargetDependency */,
			);
			name = ZFVideo;
			productName = ZFVideo;
			productReference = CD2AD21E213D5AFF009D6D94 /* ZFVideo.app */;
			productType = "com.apple.product-type.application";
		};
		CD2AD235213D5B03009D6D94 /* ZFVideoTests */ = {
			isa = PBXNativeTarget;
			buildConfigurationList = CD2AD24D213D5B03009D6D94 /* Build configuration list for PBXNativeTarget "ZFVideoTests" */;
			buildPhases = (
				CD2AD232213D5B03009D6D94 /* Sources */,
				CD2AD233213D5B03009D6D94 /* Frameworks */,
				CD2AD234213D5B03009D6D94 /* Resources */,
			);
			buildRules = (
			);
			dependencies = (
				CD2AD238213D5B03009D6D94 /* PBXTargetDependency */,
			);
			name = ZFVideoTests;
			productName = ZFVideoTests;
			productReference = CD2AD236213D5B03009D6D94 /* ZFVideoTests.xctest */;
			productType = "com.apple.product-type.bundle.unit-test";
		};
		CD2AD240213D5B03009D6D94 /* ZFVideoUITests */ = {
			isa = PBXNativeTarget;
			buildConfigurationList = CD2AD250213D5B03009D6D94 /* Build configuration list for PBXNativeTarget "ZFVideoUITests" */;
			buildPhases = (
				CD2AD23D213D5B03009D6D94 /* Sources */,
				CD2AD23E213D5B03009D6D94 /* Frameworks */,
				CD2AD23F213D5B03009D6D94 /* Resources */,
			);
			buildRules = (
			);
			dependencies = (
				CD2AD243213D5B03009D6D94 /* PBXTargetDependency */,
			);
			name = ZFVideoUITests;
			productName = ZFVideoUITests;
			productReference = CD2AD241213D5B03009D6D94 /* ZFVideoUITests.xctest */;
			productType = "com.apple.product-type.bundle.ui-testing";
		};
/* End PBXNativeTarget section */

/* Begin PBXProject section */
		CD2AD216213D5AFF009D6D94 /* Project object */ = {
			isa = PBXProject;
			attributes = {
				LastUpgradeCheck = 0940;
				ORGANIZATIONNAME = lxj;
				TargetAttributes = {
					CD2AD21D213D5AFF009D6D94 = {
						CreatedOnToolsVersion = 9.4.1;
					};
					CD2AD235213D5B03009D6D94 = {
						CreatedOnToolsVersion = 9.4.1;
						TestTargetID = CD2AD21D213D5AFF009D6D94;
					};
					CD2AD240213D5B03009D6D94 = {
						CreatedOnToolsVersion = 9.4.1;
						TestTargetID = CD2AD21D213D5AFF009D6D94;
					};
				};
			};
			buildConfigurationList = CD2AD219213D5AFF009D6D94 /* Build configuration list for PBXProject "ZFVideo" */;
			compatibilityVersion = "Xcode 9.3";
			developmentRegion = en;
			hasScannedForEncodings = 0;
			knownRegions = (
				en,
				Base,
			);
			mainGroup = CD2AD215213D5AFF009D6D94;
			productRefGroup = CD2AD21F213D5AFF009D6D94 /* Products */;
			projectDirPath = "";
			projectReferences = (
				{
					ProductGroup = CD2AD2AA213D5BF5009D6D94 /* Products */;
					ProjectRef = CD2AD2A9213D5BF5009D6D94 /* BusinessLayer.xcodeproj */;
				},
				{
					ProductGroup = CD2AD2B0213D5BFF009D6D94 /* Products */;
					ProjectRef = CD2AD2AF213D5BFF009D6D94 /* DataLayer.xcodeproj */;
				},
				{
					ProductGroup = CD2AD2B6213D5C07009D6D94 /* Products */;
					ProjectRef = CD2AD2B5213D5C07009D6D94 /* NetworkLayer.xcodeproj */;
				},
				{
					ProductGroup = CD2AD2BC213D5C0E009D6D94 /* Products */;
					ProjectRef = CD2AD2BB213D5C0E009D6D94 /* UtilLayer.xcodeproj */;
				},
			);
			projectRoot = "";
			targets = (
				CD2AD21D213D5AFF009D6D94 /* ZFVideo */,
				CD2AD235213D5B03009D6D94 /* ZFVideoTests */,
				CD2AD240213D5B03009D6D94 /* ZFVideoUITests */,
			);
		};
/* End PBXProject section */

/* Begin PBXReferenceProxy section */
		CD2AD2AE213D5BF5009D6D94 /* libBusinessLayer.a */ = {
			isa = PBXReferenceProxy;
			fileType = archive.ar;
			path = libBusinessLayer.a;
			remoteRef = CD2AD2AD213D5BF5009D6D94 /* PBXContainerItemProxy */;
			sourceTree = BUILT_PRODUCTS_DIR;
		};
		CD2AD2B4213D5BFF009D6D94 /* libDataLayer.a */ = {
			isa = PBXReferenceProxy;
			fileType = archive.ar;
			path = libDataLayer.a;
			remoteRef = CD2AD2B3213D5BFF009D6D94 /* PBXContainerItemProxy */;
			sourceTree = BUILT_PRODUCTS_DIR;
		};
		CD2AD2BA213D5C07009D6D94 /* libNetworkLayer.a */ = {
			isa = PBXReferenceProxy;
			fileType = archive.ar;
			path = libNetworkLayer.a;
			remoteRef = CD2AD2B9213D5C07009D6D94 /* PBXContainerItemProxy */;
			sourceTree = BUILT_PRODUCTS_DIR;
		};
		CD2AD2C0213D5C0E009D6D94 /* libUtilLayer.a */ = {
			isa = PBXReferenceProxy;
			fileType = archive.ar;
			path = libUtilLayer.a;
			remoteRef = CD2AD2BF213D5C0E009D6D94 /* PBXContainerItemProxy */;
			sourceTree = BUILT_PRODUCTS_DIR;
		};
/* End PBXReferenceProxy section */

/* Begin PBXResourcesBuildPhase section */
		CD2AD21C213D5AFF009D6D94 /* Resources */ = {
			isa = PBXResourcesBuildPhase;
			buildActionMask = 2147483647;
			files = (
				CD2AD22E213D5B02009D6D94 /* LaunchScreen.storyboard in Resources */,
				CD2AD22B213D5B02009D6D94 /* Assets.xcassets in Resources */,
				CD2AD229213D5AFF009D6D94 /* Main.storyboard in Resources */,
				4D5B75CA214F785B0013A187 /* ZFPlayerControlView.xib in Resources */,
			);
			runOnlyForDeploymentPostprocessing = 0;
		};
		CD2AD234213D5B03009D6D94 /* Resources */ = {
			isa = PBXResourcesBuildPhase;
			buildActionMask = 2147483647;
			files = (
			);
			runOnlyForDeploymentPostprocessing = 0;
		};
		CD2AD23F213D5B03009D6D94 /* Resources */ = {
			isa = PBXResourcesBuildPhase;
			buildActionMask = 2147483647;
			files = (
			);
			runOnlyForDeploymentPostprocessing = 0;
		};
/* End PBXResourcesBuildPhase section */

/* Begin PBXShellScriptBuildPhase section */
		8285C7629309BFAA92F809F3 /* [CP] Check Pods Manifest.lock */ = {
			isa = PBXShellScriptBuildPhase;
			buildActionMask = 2147483647;
			files = (
			);
			inputPaths = (
				"${PODS_PODFILE_DIR_PATH}/Podfile.lock",
				"${PODS_ROOT}/Manifest.lock",
			);
			name = "[CP] Check Pods Manifest.lock";
			outputPaths = (
				"$(DERIVED_FILE_DIR)/Pods-ZFVideo-checkManifestLockResult.txt",
			);
			runOnlyForDeploymentPostprocessing = 0;
			shellPath = /bin/sh;
			shellScript = "diff \"${PODS_PODFILE_DIR_PATH}/Podfile.lock\" \"${PODS_ROOT}/Manifest.lock\" > /dev/null\nif [ $? != 0 ] ; then\n    # print error to STDERR\n    echo \"error: The sandbox is not in sync with the Podfile.lock. Run 'pod install' or update your CocoaPods installation.\" >&2\n    exit 1\nfi\n# This output is used by Xcode 'outputs' to avoid re-running this script phase.\necho \"SUCCESS\" > \"${SCRIPT_OUTPUT_FILE_0}\"\n";
			showEnvVarsInLog = 0;
		};
/* End PBXShellScriptBuildPhase section */

/* Begin PBXSourcesBuildPhase section */
		CD2AD21A213D5AFF009D6D94 /* Sources */ = {
			isa = PBXSourcesBuildPhase;
			buildActionMask = 2147483647;
			files = (
				4D43B1E52146177B00410911 /* ZFViewController.m in Sources */,
				CD2AD231213D5B03009D6D94 /* main.m in Sources */,
				4D43B1F821461C8800410911 /* MyViewController.m in Sources */,
				4D43B1FF2146374400410911 /* UIColor+Customer.m in Sources */,
				4D43B1F521461C5100410911 /* DiscoveryViewController.m in Sources */,
				4D43B1E82146178D00410911 /* MainViewController.m in Sources */,
				4DA09C6C214B4A5C009227A4 /* ZFTableViewProxy.m in Sources */,
				4D5B75C9214F785B0013A187 /* ZFPlayerControlView.m in Sources */,
				4D50F627214A406200B832DC /* VideoPlayView.m in Sources */,
				4D43B1FB21461CDC00410911 /* ZFNavigationController.m in Sources */,
				4D5B75D6214F81D10013A187 /* TZPlayerUtils.m in Sources */,
				4DA09C74214B550E009227A4 /* HomeTableViewProxy.m in Sources */,
				4D5B75D3214F80D80013A187 /* VideoPlayView+Rotation.m in Sources */,
				4D43B1EC2146180C00410911 /* HomeViewController.m in Sources */,
				CD2AD223213D5AFF009D6D94 /* AppDelegate.m in Sources */,
				4D5B75CD214F7B160013A187 /* NSString+Custom.m in Sources */,
				4DA09C7C214B5B0D009227A4 /* VideoPlayerProxy.m in Sources */,
				4D5B75D2214F80D80013A187 /* VideoPlayView+Gesture.m in Sources */,
				4D50F623214A401700B832DC /* VideoPlayerController.m in Sources */,
				4D43B1F121461C3E00410911 /* FllowViewController.m in Sources */,
			);
			runOnlyForDeploymentPostprocessing = 0;
		};
		CD2AD232213D5B03009D6D94 /* Sources */ = {
			isa = PBXSourcesBuildPhase;
			buildActionMask = 2147483647;
			files = (
				CD2AD23B213D5B03009D6D94 /* ZFVideoTests.m in Sources */,
			);
			runOnlyForDeploymentPostprocessing = 0;
		};
		CD2AD23D213D5B03009D6D94 /* Sources */ = {
			isa = PBXSourcesBuildPhase;
			buildActionMask = 2147483647;
			files = (
				CD2AD246213D5B03009D6D94 /* ZFVideoUITests.m in Sources */,
			);
			runOnlyForDeploymentPostprocessing = 0;
		};
/* End PBXSourcesBuildPhase section */

/* Begin PBXTargetDependency section */
		CD2AD238213D5B03009D6D94 /* PBXTargetDependency */ = {
			isa = PBXTargetDependency;
			target = CD2AD21D213D5AFF009D6D94 /* ZFVideo */;
			targetProxy = CD2AD237213D5B03009D6D94 /* PBXContainerItemProxy */;
		};
		CD2AD243213D5B03009D6D94 /* PBXTargetDependency */ = {
			isa = PBXTargetDependency;
			target = CD2AD21D213D5AFF009D6D94 /* ZFVideo */;
			targetProxy = CD2AD242213D5B03009D6D94 /* PBXContainerItemProxy */;
		};
		CD2AD2C2213D5C19009D6D94 /* PBXTargetDependency */ = {
			isa = PBXTargetDependency;
			name = UtilLayer;
			targetProxy = CD2AD2C1213D5C19009D6D94 /* PBXContainerItemProxy */;
		};
		CD2AD2C4213D5C19009D6D94 /* PBXTargetDependency */ = {
			isa = PBXTargetDependency;
			name = NetworkLayer;
			targetProxy = CD2AD2C3213D5C19009D6D94 /* PBXContainerItemProxy */;
		};
		CD2AD2C6213D5C19009D6D94 /* PBXTargetDependency */ = {
			isa = PBXTargetDependency;
			name = DataLayer;
			targetProxy = CD2AD2C5213D5C19009D6D94 /* PBXContainerItemProxy */;
		};
		CD2AD2C8213D5C19009D6D94 /* PBXTargetDependency */ = {
			isa = PBXTargetDependency;
			name = BusinessLayer;
			targetProxy = CD2AD2C7213D5C19009D6D94 /* PBXContainerItemProxy */;
		};
/* End PBXTargetDependency section */

/* Begin PBXVariantGroup section */
		CD2AD227213D5AFF009D6D94 /* Main.storyboard */ = {
			isa = PBXVariantGroup;
			children = (
				CD2AD228213D5AFF009D6D94 /* Base */,
			);
			name = Main.storyboard;
			sourceTree = "<group>";
		};
		CD2AD22C213D5B02009D6D94 /* LaunchScreen.storyboard */ = {
			isa = PBXVariantGroup;
			children = (
				CD2AD22D213D5B02009D6D94 /* Base */,
			);
			name = LaunchScreen.storyboard;
			sourceTree = "<group>";
		};
/* End PBXVariantGroup section */

/* Begin XCBuildConfiguration section */
		CD2AD248213D5B03009D6D94 /* Debug */ = {
			isa = XCBuildConfiguration;
			buildSettings = {
				ALWAYS_SEARCH_USER_PATHS = NO;
				CLANG_ANALYZER_NONNULL = YES;
				CLANG_ANALYZER_NUMBER_OBJECT_CONVERSION = YES_AGGRESSIVE;
				CLANG_CXX_LANGUAGE_STANDARD = "gnu++14";
				CLANG_CXX_LIBRARY = "libc++";
				CLANG_ENABLE_MODULES = YES;
				CLANG_ENABLE_OBJC_ARC = YES;
				CLANG_ENABLE_OBJC_WEAK = YES;
				CLANG_WARN_BLOCK_CAPTURE_AUTORELEASING = YES;
				CLANG_WARN_BOOL_CONVERSION = YES;
				CLANG_WARN_COMMA = YES;
				CLANG_WARN_CONSTANT_CONVERSION = YES;
				CLANG_WARN_DEPRECATED_OBJC_IMPLEMENTATIONS = YES;
				CLANG_WARN_DIRECT_OBJC_ISA_USAGE = YES_ERROR;
				CLANG_WARN_DOCUMENTATION_COMMENTS = YES;
				CLANG_WARN_EMPTY_BODY = YES;
				CLANG_WARN_ENUM_CONVERSION = YES;
				CLANG_WARN_INFINITE_RECURSION = YES;
				CLANG_WARN_INT_CONVERSION = YES;
				CLANG_WARN_NON_LITERAL_NULL_CONVERSION = YES;
				CLANG_WARN_OBJC_IMPLICIT_RETAIN_SELF = YES;
				CLANG_WARN_OBJC_LITERAL_CONVERSION = YES;
				CLANG_WARN_OBJC_ROOT_CLASS = YES_ERROR;
				CLANG_WARN_RANGE_LOOP_ANALYSIS = YES;
				CLANG_WARN_STRICT_PROTOTYPES = YES;
				CLANG_WARN_SUSPICIOUS_MOVE = YES;
				CLANG_WARN_UNGUARDED_AVAILABILITY = YES_AGGRESSIVE;
				CLANG_WARN_UNREACHABLE_CODE = YES;
				CLANG_WARN__DUPLICATE_METHOD_MATCH = YES;
				CODE_SIGN_IDENTITY = "iPhone Developer";
				COPY_PHASE_STRIP = NO;
				DEBUG_INFORMATION_FORMAT = dwarf;
				ENABLE_STRICT_OBJC_MSGSEND = YES;
				ENABLE_TESTABILITY = YES;
				GCC_C_LANGUAGE_STANDARD = gnu11;
				GCC_DYNAMIC_NO_PIC = NO;
				GCC_NO_COMMON_BLOCKS = YES;
				GCC_OPTIMIZATION_LEVEL = 0;
				GCC_PREPROCESSOR_DEFINITIONS = (
					"DEBUG=1",
					"$(inherited)",
				);
				GCC_WARN_64_TO_32_BIT_CONVERSION = YES;
				GCC_WARN_ABOUT_RETURN_TYPE = YES_ERROR;
				GCC_WARN_UNDECLARED_SELECTOR = YES;
				GCC_WARN_UNINITIALIZED_AUTOS = YES_AGGRESSIVE;
				GCC_WARN_UNUSED_FUNCTION = YES;
				GCC_WARN_UNUSED_VARIABLE = YES;
				IPHONEOS_DEPLOYMENT_TARGET = 11.4;
				MTL_ENABLE_DEBUG_INFO = YES;
				ONLY_ACTIVE_ARCH = YES;
				SDKROOT = iphoneos;
			};
			name = Debug;
		};
		CD2AD249213D5B03009D6D94 /* Release */ = {
			isa = XCBuildConfiguration;
			buildSettings = {
				ALWAYS_SEARCH_USER_PATHS = NO;
				CLANG_ANALYZER_NONNULL = YES;
				CLANG_ANALYZER_NUMBER_OBJECT_CONVERSION = YES_AGGRESSIVE;
				CLANG_CXX_LANGUAGE_STANDARD = "gnu++14";
				CLANG_CXX_LIBRARY = "libc++";
				CLANG_ENABLE_MODULES = YES;
				CLANG_ENABLE_OBJC_ARC = YES;
				CLANG_ENABLE_OBJC_WEAK = YES;
				CLANG_WARN_BLOCK_CAPTURE_AUTORELEASING = YES;
				CLANG_WARN_BOOL_CONVERSION = YES;
				CLANG_WARN_COMMA = YES;
				CLANG_WARN_CONSTANT_CONVERSION = YES;
				CLANG_WARN_DEPRECATED_OBJC_IMPLEMENTATIONS = YES;
				CLANG_WARN_DIRECT_OBJC_ISA_USAGE = YES_ERROR;
				CLANG_WARN_DOCUMENTATION_COMMENTS = YES;
				CLANG_WARN_EMPTY_BODY = YES;
				CLANG_WARN_ENUM_CONVERSION = YES;
				CLANG_WARN_INFINITE_RECURSION = YES;
				CLANG_WARN_INT_CONVERSION = YES;
				CLANG_WARN_NON_LITERAL_NULL_CONVERSION = YES;
				CLANG_WARN_OBJC_IMPLICIT_RETAIN_SELF = YES;
				CLANG_WARN_OBJC_LITERAL_CONVERSION = YES;
				CLANG_WARN_OBJC_ROOT_CLASS = YES_ERROR;
				CLANG_WARN_RANGE_LOOP_ANALYSIS = YES;
				CLANG_WARN_STRICT_PROTOTYPES = YES;
				CLANG_WARN_SUSPICIOUS_MOVE = YES;
				CLANG_WARN_UNGUARDED_AVAILABILITY = YES_AGGRESSIVE;
				CLANG_WARN_UNREACHABLE_CODE = YES;
				CLANG_WARN__DUPLICATE_METHOD_MATCH = YES;
				CODE_SIGN_IDENTITY = "iPhone Developer";
				COPY_PHASE_STRIP = NO;
				DEBUG_INFORMATION_FORMAT = "dwarf-with-dsym";
				ENABLE_NS_ASSERTIONS = NO;
				ENABLE_STRICT_OBJC_MSGSEND = YES;
				GCC_C_LANGUAGE_STANDARD = gnu11;
				GCC_NO_COMMON_BLOCKS = YES;
				GCC_WARN_64_TO_32_BIT_CONVERSION = YES;
				GCC_WARN_ABOUT_RETURN_TYPE = YES_ERROR;
				GCC_WARN_UNDECLARED_SELECTOR = YES;
				GCC_WARN_UNINITIALIZED_AUTOS = YES_AGGRESSIVE;
				GCC_WARN_UNUSED_FUNCTION = YES;
				GCC_WARN_UNUSED_VARIABLE = YES;
				IPHONEOS_DEPLOYMENT_TARGET = 11.4;
				MTL_ENABLE_DEBUG_INFO = NO;
				SDKROOT = iphoneos;
				VALIDATE_PRODUCT = YES;
			};
			name = Release;
		};
		CD2AD24B213D5B03009D6D94 /* Debug */ = {
			isa = XCBuildConfiguration;
			baseConfigurationReference = BFD803D1399856E3F01459C4 /* Pods-ZFVideo.debug.xcconfig */;
			buildSettings = {
				ASSETCATALOG_COMPILER_APPICON_NAME = AppIcon;
				CODE_SIGN_STYLE = Automatic;
				DEVELOPMENT_TEAM = H2G776CNGV;
				GCC_PREFIX_HEADER = ZFVideo/ZFVideo.pch;
				INFOPLIST_FILE = ZFVideo/Info.plist;
				IPHONEOS_DEPLOYMENT_TARGET = 8.0;
				LD_RUNPATH_SEARCH_PATHS = (
					"$(inherited)",
					"@executable_path/Frameworks",
				);
				PRODUCT_BUNDLE_IDENTIFIER = com.lxj.ZFVideo;
				PRODUCT_NAME = "$(TARGET_NAME)";
				TARGETED_DEVICE_FAMILY = "1,2";
				USER_HEADER_SEARCH_PATHS = (
					"$(SRCROOT)/ZFVideo/Dependencies/BusinessLayer/**",
					"$(SRCROOT)/ZFVideo/Dependencies/DataLayer/**",
					"$(SRCROOT)/ZFVideo/Dependencies/NetworkLayer/**",
					"$(SRCROOT)/ZFVideo/Dependencies/UtilLayer/**",
				);
			};
			name = Debug;
		};
		CD2AD24C213D5B03009D6D94 /* Release */ = {
			isa = XCBuildConfiguration;
			baseConfigurationReference = 0561D3A8F9E7E80906E85AAF /* Pods-ZFVideo.release.xcconfig */;
			buildSettings = {
				ASSETCATALOG_COMPILER_APPICON_NAME = AppIcon;
				CODE_SIGN_STYLE = Automatic;
				DEVELOPMENT_TEAM = H2G776CNGV;
				GCC_PREFIX_HEADER = ZFVideo/ZFVideo.pch;
				INFOPLIST_FILE = ZFVideo/Info.plist;
				IPHONEOS_DEPLOYMENT_TARGET = 8.0;
				LD_RUNPATH_SEARCH_PATHS = (
					"$(inherited)",
					"@executable_path/Frameworks",
				);
				PRODUCT_BUNDLE_IDENTIFIER = com.lxj.ZFVideo;
				PRODUCT_NAME = "$(TARGET_NAME)";
				TARGETED_DEVICE_FAMILY = "1,2";
				USER_HEADER_SEARCH_PATHS = (
					"$(SRCROOT)/ZFVideo/Dependencies/BusinessLayer/**",
					"$(SRCROOT)/ZFVideo/Dependencies/DataLayer/**",
					"$(SRCROOT)/ZFVideo/Dependencies/NetworkLayer/**",
					"$(SRCROOT)/ZFVideo/Dependencies/UtilLayer/**",
				);
			};
			name = Release;
		};
		CD2AD24E213D5B03009D6D94 /* Debug */ = {
			isa = XCBuildConfiguration;
			buildSettings = {
				BUNDLE_LOADER = "$(TEST_HOST)";
				CODE_SIGN_STYLE = Automatic;
				INFOPLIST_FILE = ZFVideoTests/Info.plist;
				LD_RUNPATH_SEARCH_PATHS = (
					"$(inherited)",
					"@executable_path/Frameworks",
					"@loader_path/Frameworks",
				);
				PRODUCT_BUNDLE_IDENTIFIER = com.lxj.ZFVideoTests;
				PRODUCT_NAME = "$(TARGET_NAME)";
				TARGETED_DEVICE_FAMILY = "1,2";
				TEST_HOST = "$(BUILT_PRODUCTS_DIR)/ZFVideo.app/ZFVideo";
			};
			name = Debug;
		};
		CD2AD24F213D5B03009D6D94 /* Release */ = {
			isa = XCBuildConfiguration;
			buildSettings = {
				BUNDLE_LOADER = "$(TEST_HOST)";
				CODE_SIGN_STYLE = Automatic;
				INFOPLIST_FILE = ZFVideoTests/Info.plist;
				LD_RUNPATH_SEARCH_PATHS = (
					"$(inherited)",
					"@executable_path/Frameworks",
					"@loader_path/Frameworks",
				);
				PRODUCT_BUNDLE_IDENTIFIER = com.lxj.ZFVideoTests;
				PRODUCT_NAME = "$(TARGET_NAME)";
				TARGETED_DEVICE_FAMILY = "1,2";
				TEST_HOST = "$(BUILT_PRODUCTS_DIR)/ZFVideo.app/ZFVideo";
			};
			name = Release;
		};
		CD2AD251213D5B03009D6D94 /* Debug */ = {
			isa = XCBuildConfiguration;
			buildSettings = {
				CODE_SIGN_STYLE = Automatic;
				INFOPLIST_FILE = ZFVideoUITests/Info.plist;
				LD_RUNPATH_SEARCH_PATHS = (
					"$(inherited)",
					"@executable_path/Frameworks",
					"@loader_path/Frameworks",
				);
				PRODUCT_BUNDLE_IDENTIFIER = com.lxj.ZFVideoUITests;
				PRODUCT_NAME = "$(TARGET_NAME)";
				TARGETED_DEVICE_FAMILY = "1,2";
				TEST_TARGET_NAME = ZFVideo;
			};
			name = Debug;
		};
		CD2AD252213D5B03009D6D94 /* Release */ = {
			isa = XCBuildConfiguration;
			buildSettings = {
				CODE_SIGN_STYLE = Automatic;
				INFOPLIST_FILE = ZFVideoUITests/Info.plist;
				LD_RUNPATH_SEARCH_PATHS = (
					"$(inherited)",
					"@executable_path/Frameworks",
					"@loader_path/Frameworks",
				);
				PRODUCT_BUNDLE_IDENTIFIER = com.lxj.ZFVideoUITests;
				PRODUCT_NAME = "$(TARGET_NAME)";
				TARGETED_DEVICE_FAMILY = "1,2";
				TEST_TARGET_NAME = ZFVideo;
			};
			name = Release;
		};
/* End XCBuildConfiguration section */

/* Begin XCConfigurationList section */
		CD2AD219213D5AFF009D6D94 /* Build configuration list for PBXProject "ZFVideo" */ = {
			isa = XCConfigurationList;
			buildConfigurations = (
				CD2AD248213D5B03009D6D94 /* Debug */,
				CD2AD249213D5B03009D6D94 /* Release */,
			);
			defaultConfigurationIsVisible = 0;
			defaultConfigurationName = Release;
		};
		CD2AD24A213D5B03009D6D94 /* Build configuration list for PBXNativeTarget "ZFVideo" */ = {
			isa = XCConfigurationList;
			buildConfigurations = (
				CD2AD24B213D5B03009D6D94 /* Debug */,
				CD2AD24C213D5B03009D6D94 /* Release */,
			);
			defaultConfigurationIsVisible = 0;
			defaultConfigurationName = Release;
		};
		CD2AD24D213D5B03009D6D94 /* Build configuration list for PBXNativeTarget "ZFVideoTests" */ = {
			isa = XCConfigurationList;
			buildConfigurations = (
				CD2AD24E213D5B03009D6D94 /* Debug */,
				CD2AD24F213D5B03009D6D94 /* Release */,
			);
			defaultConfigurationIsVisible = 0;
			defaultConfigurationName = Release;
		};
		CD2AD250213D5B03009D6D94 /* Build configuration list for PBXNativeTarget "ZFVideoUITests" */ = {
			isa = XCConfigurationList;
			buildConfigurations = (
				CD2AD251213D5B03009D6D94 /* Debug */,
				CD2AD252213D5B03009D6D94 /* Release */,
			);
			defaultConfigurationIsVisible = 0;
			defaultConfigurationName = Release;
		};
/* End XCConfigurationList section */
	};
	rootObject = CD2AD216213D5AFF009D6D94 /* Project object */;
}
